// !$*UTF8*$!
{
	archiveVersion = 1;
	classes = {
	};
	objectVersion = 46;
	objects = {

/* Begin PBXBuildFile section */
		759A1E701E3A52F5009DF698 /* main.m in Sources */ = {isa = PBXBuildFile; fileRef = 759A1E6F1E3A52F5009DF698 /* main.m */; };
		759A1E731E3A52F5009DF698 /* AppDelegate.m in Sources */ = {isa = PBXBuildFile; fileRef = 759A1E721E3A52F5009DF698 /* AppDelegate.m */; };
		759A1E761E3A52F5009DF698 /* ViewController.m in Sources */ = {isa = PBXBuildFile; fileRef = 759A1E751E3A52F5009DF698 /* ViewController.m */; };
		759A1E791E3A52F5009DF698 /* Main.storyboard in Resources */ = {isa = PBXBuildFile; fileRef = 759A1E771E3A52F5009DF698 /* Main.storyboard */; };
		759A1E7B1E3A52F5009DF698 /* Assets.xcassets in Resources */ = {isa = PBXBuildFile; fileRef = 759A1E7A1E3A52F5009DF698 /* Assets.xcassets */; };
		759A1E7E1E3A52F5009DF698 /* LaunchScreen.storyboard in Resources */ = {isa = PBXBuildFile; fileRef = 759A1E7C1E3A52F5009DF698 /* LaunchScreen.storyboard */; };
		759A1E891E3A52F5009DF698 /* EncryptionSampleTests.m in Sources */ = {isa = PBXBuildFile; fileRef = 759A1E881E3A52F5009DF698 /* EncryptionSampleTests.m */; };
		759A1E9C1E3A53E4009DF698 /* AESCrypt.m in Sources */ = {isa = PBXBuildFile; fileRef = 759A1E951E3A53E4009DF698 /* AESCrypt.m */; };
		75AB7CEE1E3A563500C26FE7 /* NSData+Base64.m in Sources */ = {isa = PBXBuildFile; fileRef = 75AB7CE91E3A563500C26FE7 /* NSData+Base64.m */; };
		75AB7CEF1E3A563500C26FE7 /* NSData+CommonCrypto.m in Sources */ = {isa = PBXBuildFile; fileRef = 75AB7CEB1E3A563500C26FE7 /* NSData+CommonCrypto.m */; };
		75AB7CF01E3A563500C26FE7 /* NSString+Base64.m in Sources */ = {isa = PBXBuildFile; fileRef = 75AB7CED1E3A563500C26FE7 /* NSString+Base64.m */; };
/* End PBXBuildFile section */

/* Begin PBXContainerItemProxy section */
		759A1E851E3A52F5009DF698 /* PBXContainerItemProxy */ = {
			isa = PBXContainerItemProxy;
			containerPortal = 759A1E631E3A52F5009DF698 /* Project object */;
			proxyType = 1;
			remoteGlobalIDString = 759A1E6A1E3A52F5009DF698;
			remoteInfo = EncryptionSample;
		};
/* End PBXContainerItemProxy section */

/* Begin PBXFileReference section */
		759A1E6B1E3A52F5009DF698 /* EncryptionSample.app */ = {isa = PBXFileReference; explicitFileType = wrapper.application; includeInIndex = 0; path = EncryptionSample.app; sourceTree = BUILT_PRODUCTS_DIR; };
		759A1E6F1E3A52F5009DF698 /* main.m */ = {isa = PBXFileReference; lastKnownFileType = sourcecode.c.objc; path = main.m; sourceTree = "<group>"; };
		759A1E711E3A52F5009DF698 /* AppDelegate.h */ = {isa = PBXFileReference; lastKnownFileType = sourcecode.c.h; path = AppDelegate.h; sourceTree = "<group>"; };
		759A1E721E3A52F5009DF698 /* AppDelegate.m */ = {isa = PBXFileReference; lastKnownFileType = sourcecode.c.objc; path = AppDelegate.m; sourceTree = "<group>"; };
		759A1E741E3A52F5009DF698 /* ViewController.h */ = {isa = PBXFileReference; lastKnownFileType = sourcecode.c.h; path = ViewController.h; sourceTree = "<group>"; };
		759A1E751E3A52F5009DF698 /* ViewController.m */ = {isa = PBXFileReference; lastKnownFileType = sourcecode.c.objc; path = ViewController.m; sourceTree = "<group>"; };
		759A1E781E3A52F5009DF698 /* Base */ = {isa = PBXFileReference; lastKnownFileType = file.storyboard; name = Base; path = Base.lproj/Main.storyboard; sourceTree = "<group>"; };
		759A1E7A1E3A52F5009DF698 /* Assets.xcassets */ = {isa = PBXFileReference; lastKnownFileType = folder.assetcatalog; path = Assets.xcassets; sourceTree = "<group>"; };
		759A1E7D1E3A52F5009DF698 /* Base */ = {isa = PBXFileReference; lastKnownFileType = file.storyboard; name = Base; path = Base.lproj/LaunchScreen.storyboard; sourceTree = "<group>"; };
		759A1E7F1E3A52F5009DF698 /* Info.plist */ = {isa = PBXFileReference; lastKnownFileType = text.plist.xml; path = Info.plist; sourceTree = "<group>"; };
		759A1E841E3A52F5009DF698 /* EncryptionSampleTests.xctest */ = {isa = PBXFileReference; explicitFileType = wrapper.cfbundle; includeInIndex = 0; path = EncryptionSampleTests.xctest; sourceTree = BUILT_PRODUCTS_DIR; };
		759A1E881E3A52F5009DF698 /* EncryptionSampleTests.m */ = {isa = PBXFileReference; lastKnownFileType = sourcecode.c.objc; path = EncryptionSampleTests.m; sourceTree = "<group>"; };
		759A1E8A1E3A52F5009DF698 /* Info.plist */ = {isa = PBXFileReference; lastKnownFileType = text.plist.xml; path = Info.plist; sourceTree = "<group>"; };
		759A1E941E3A53E4009DF698 /* AESCrypt.h */ = {isa = PBXFileReference; fileEncoding = 4; lastKnownFileType = sourcecode.c.h; path = AESCrypt.h; sourceTree = "<group>"; };
		759A1E951E3A53E4009DF698 /* AESCrypt.m */ = {isa = PBXFileReference; fileEncoding = 4; lastKnownFileType = sourcecode.c.objc; path = AESCrypt.m; sourceTree = "<group>"; };
		75AB7CE81E3A563500C26FE7 /* NSData+Base64.h */ = {isa = PBXFileReference; fileEncoding = 4; lastKnownFileType = sourcecode.c.h; path = "NSData+Base64.h"; sourceTree = "<group>"; };
		75AB7CE91E3A563500C26FE7 /* NSData+Base64.m */ = {isa = PBXFileReference; fileEncoding = 4; lastKnownFileType = sourcecode.c.objc; path = "NSData+Base64.m"; sourceTree = "<group>"; };
		75AB7CEA1E3A563500C26FE7 /* NSData+CommonCrypto.h */ = {isa = PBXFileReference; fileEncoding = 4; lastKnownFileType = sourcecode.c.h; path = "NSData+CommonCrypto.h"; sourceTree = "<group>"; };
		75AB7CEB1E3A563500C26FE7 /* NSData+CommonCrypto.m */ = {isa = PBXFileReference; fileEncoding = 4; lastKnownFileType = sourcecode.c.objc; path = "NSData+CommonCrypto.m"; sourceTree = "<group>"; };
		75AB7CEC1E3A563500C26FE7 /* NSString+Base64.h */ = {isa = PBXFileReference; fileEncoding = 4; lastKnownFileType = sourcecode.c.h; path = "NSString+Base64.h"; sourceTree = "<group>"; };
		75AB7CED1E3A563500C26FE7 /* NSString+Base64.m */ = {isa = PBXFileReference; fileEncoding = 4; lastKnownFileType = sourcecode.c.objc; path = "NSString+Base64.m"; sourceTree = "<group>"; };
/* End PBXFileReference section */

/* Begin PBXFrameworksBuildPhase section */
		759A1E681E3A52F5009DF698 /* Frameworks */ = {
			isa = PBXFrameworksBuildPhase;
			buildActionMask = 2147483647;
			files = (
			);
			runOnlyForDeploymentPostprocessing = 0;
		};
		759A1E811E3A52F5009DF698 /* Frameworks */ = {
			isa = PBXFrameworksBuildPhase;
			buildActionMask = 2147483647;
			files = (
			);
			runOnlyForDeploymentPostprocessing = 0;
		};
/* End PBXFrameworksBuildPhase section */

/* Begin PBXGroup section */
		759A1E621E3A52F5009DF698 = {
			isa = PBXGroup;
			children = (
				759A1E6D1E3A52F5009DF698 /* EncryptionSample */,
				759A1E871E3A52F5009DF698 /* EncryptionSampleTests */,
				759A1E6C1E3A52F5009DF698 /* Products */,
			);
			sourceTree = "<group>";
		};
		759A1E6C1E3A52F5009DF698 /* Products */ = {
			isa = PBXGroup;
			children = (
				759A1E6B1E3A52F5009DF698 /* EncryptionSample.app */,
				759A1E841E3A52F5009DF698 /* EncryptionSampleTests.xctest */,
			);
			name = Products;
			sourceTree = "<group>";
		};
		759A1E6D1E3A52F5009DF698 /* EncryptionSample */ = {
			isa = PBXGroup;
			children = (
				759A1E931E3A53E4009DF698 /* AESCrypt */,
				759A1E711E3A52F5009DF698 /* AppDelegate.h */,
				759A1E721E3A52F5009DF698 /* AppDelegate.m */,
				759A1E741E3A52F5009DF698 /* ViewController.h */,
				759A1E751E3A52F5009DF698 /* ViewController.m */,
				759A1E771E3A52F5009DF698 /* Main.storyboard */,
				759A1E7A1E3A52F5009DF698 /* Assets.xcassets */,
				759A1E7C1E3A52F5009DF698 /* LaunchScreen.storyboard */,
				759A1E7F1E3A52F5009DF698 /* Info.plist */,
				759A1E6E1E3A52F5009DF698 /* Supporting Files */,
			);
			path = EncryptionSample;
			sourceTree = "<group>";
		};
		759A1E6E1E3A52F5009DF698 /* Supporting Files */ = {
			isa = PBXGroup;
			children = (
				759A1E6F1E3A52F5009DF698 /* main.m */,
			);
			name = "Supporting Files";
			sourceTree = "<group>";
		};
		759A1E871E3A52F5009DF698 /* EncryptionSampleTests */ = {
			isa = PBXGroup;
			children = (
				759A1E881E3A52F5009DF698 /* EncryptionSampleTests.m */,
				759A1E8A1E3A52F5009DF698 /* Info.plist */,
			);
			path = EncryptionSampleTests;
			sourceTree = "<group>";
		};
		759A1E931E3A53E4009DF698 /* AESCrypt */ = {
			isa = PBXGroup;
			children = (
				75AB7CE81E3A563500C26FE7 /* NSData+Base64.h */,
				75AB7CE91E3A563500C26FE7 /* NSData+Base64.m */,
				75AB7CEA1E3A563500C26FE7 /* NSData+CommonCrypto.h */,
				75AB7CEB1E3A563500C26FE7 /* NSData+CommonCrypto.m */,
				75AB7CEC1E3A563500C26FE7 /* NSString+Base64.h */,
				75AB7CED1E3A563500C26FE7 /* NSString+Base64.m */,
				759A1E941E3A53E4009DF698 /* AESCrypt.h */,
				759A1E951E3A53E4009DF698 /* AESCrypt.m */,
			);
			path = AESCrypt;
			sourceTree = "<group>";
		};
/* End PBXGroup section */

/* Begin PBXNativeTarget section */
		759A1E6A1E3A52F5009DF698 /* EncryptionSample */ = {
			isa = PBXNativeTarget;
			buildConfigurationList = 759A1E8D1E3A52F5009DF698 /* Build configuration list for PBXNativeTarget "EncryptionSample" */;
			buildPhases = (
				759A1E671E3A52F5009DF698 /* Sources */,
				759A1E681E3A52F5009DF698 /* Frameworks */,
				759A1E691E3A52F5009DF698 /* Resources */,
			);
			buildRules = (
			);
			dependencies = (
			);
			name = EncryptionSample;
			productName = EncryptionSample;
			productReference = 759A1E6B1E3A52F5009DF698 /* EncryptionSample.app */;
			productType = "com.apple.product-type.application";
		};
		759A1E831E3A52F5009DF698 /* EncryptionSampleTests */ = {
			isa = PBXNativeTarget;
			buildConfigurationList = 759A1E901E3A52F5009DF698 /* Build configuration list for PBXNativeTarget "EncryptionSampleTests" */;
			buildPhases = (
				759A1E801E3A52F5009DF698 /* Sources */,
				759A1E811E3A52F5009DF698 /* Frameworks */,
				759A1E821E3A52F5009DF698 /* Resources */,
			);
			buildRules = (
			);
			dependencies = (
				759A1E861E3A52F5009DF698 /* PBXTargetDependency */,
			);
			name = EncryptionSampleTests;
			productName = EncryptionSampleTests;
			productReference = 759A1E841E3A52F5009DF698 /* EncryptionSampleTests.xctest */;
			productType = "com.apple.product-type.bundle.unit-test";
		};
/* End PBXNativeTarget section */

/* Begin PBXProject section */
		759A1E631E3A52F5009DF698 /* Project object */ = {
			isa = PBXProject;
			attributes = {
				LastUpgradeCheck = 0820;
				ORGANIZATIONNAME = xyx;
				TargetAttributes = {
					759A1E6A1E3A52F5009DF698 = {
						CreatedOnToolsVersion = 8.2.1;
						DevelopmentTeam = 39XXES98DU;
						ProvisioningStyle = Automatic;
					};
					759A1E831E3A52F5009DF698 = {
						CreatedOnToolsVersion = 8.2.1;
						ProvisioningStyle = Automatic;
						TestTargetID = 759A1E6A1E3A52F5009DF698;
					};
				};
			};
			buildConfigurationList = 759A1E661E3A52F5009DF698 /* Build configuration list for PBXProject "EncryptionSample" */;
			compatibilityVersion = "Xcode 3.2";
			developmentRegion = English;
			hasScannedForEncodings = 0;
			knownRegions = (
				en,
				Base,
			);
			mainGroup = 759A1E621E3A52F5009DF698;
			productRefGroup = 759A1E6C1E3A52F5009DF698 /* Products */;
			projectDirPath = "";
			projectRoot = "";
			targets = (
				759A1E6A1E3A52F5009DF698 /* EncryptionSample */,
				759A1E831E3A52F5009DF698 /* EncryptionSampleTests */,
			);
		};
/* End PBXProject section */

/* Begin PBXResourcesBuildPhase section */
		759A1E691E3A52F5009DF698 /* Resources */ = {
			isa = PBXResourcesBuildPhase;
			buildActionMask = 2147483647;
			files = (
				759A1E7E1E3A52F5009DF698 /* LaunchScreen.storyboard in Resources */,
				759A1E7B1E3A52F5009DF698 /* Assets.xcassets in Resources */,
				759A1E791E3A52F5009DF698 /* Main.storyboard in Resources */,
			);
			runOnlyForDeploymentPostprocessing = 0;
		};
		759A1E821E3A52F5009DF698 /* Resources */ = {
			isa = PBXResourcesBuildPhase;
			buildActionMask = 2147483647;
			files = (
			);
			runOnlyForDeploymentPostprocessing = 0;
		};
/* End PBXResourcesBuildPhase section */

/* Begin PBXSourcesBuildPhase section */
		759A1E671E3A52F5009DF698 /* Sources */ = {
			isa = PBXSourcesBuildPhase;
			buildActionMask = 2147483647;
			files = (
				759A1E9C1E3A53E4009DF698 /* AESCrypt.m in Sources */,
				759A1E761E3A52F5009DF698 /* ViewController.m in Sources */,
				75AB7CEF1E3A563500C26FE7 /* NSData+CommonCrypto.m in Sources */,
				75AB7CEE1E3A563500C26FE7 /* NSData+Base64.m in Sources */,
				759A1E731E3A52F5009DF698 /* AppDelegate.m in Sources */,
				759A1E701E3A52F5009DF698 /* main.m in Sources */,
				75AB7CF01E3A563500C26FE7 /* NSString+Base64.m in Sources */,
			);
			runOnlyForDeploymentPostprocessing = 0;
		};
		759A1E801E3A52F5009DF698 /* Sources */ = {
			isa = PBXSourcesBuildPhase;
			buildActionMask = 2147483647;
			files = (
				759A1E891E3A52F5009DF698 /* EncryptionSampleTests.m in Sources */,
			);
			runOnlyForDeploymentPostprocessing = 0;
		};
/* End PBXSourcesBuildPhase section */

/* Begin PBXTargetDependency section */
		759A1E861E3A52F5009DF698 /* PBXTargetDependency */ = {
			isa = PBXTargetDependency;
			target = 759A1E6A1E3A52F5009DF698 /* EncryptionSample */;
			targetProxy = 759A1E851E3A52F5009DF698 /* PBXContainerItemProxy */;
		};
/* End PBXTargetDependency section */

/* Begin PBXVariantGroup section */
		759A1E771E3A52F5009DF698 /* Main.storyboard */ = {
			isa = PBXVariantGroup;
			children = (
				759A1E781E3A52F5009DF698 /* Base */,
			);
			name = Main.storyboard;
			sourceTree = "<group>";
		};
		759A1E7C1E3A52F5009DF698 /* LaunchScreen.storyboard */ = {
			isa = PBXVariantGroup;
			children = (
				759A1E7D1E3A52F5009DF698 /* Base */,
			);
			name = LaunchScreen.storyboard;
			sourceTree = "<group>";
		};
/* End PBXVariantGroup section */

/* Begin XCBuildConfiguration section */
		759A1E8B1E3A52F5009DF698 /* Debug */ = {
			isa = XCBuildConfiguration;
			buildSettings = {
				ALWAYS_SEARCH_USER_PATHS = NO;
				CLANG_ANALYZER_NONNULL = YES;
				CLANG_CXX_LANGUAGE_STANDARD = "gnu++0x";
				CLANG_CXX_LIBRARY = "libc++";
				CLANG_ENABLE_MODULES = YES;
				CLANG_ENABLE_OBJC_ARC = YES;
				CLANG_WARN_BOOL_CONVERSION = YES;
				CLANG_WARN_CONSTANT_CONVERSION = YES;
				CLANG_WARN_DIRECT_OBJC_ISA_USAGE = YES_ERROR;
				CLANG_WARN_DOCUMENTATION_COMMENTS = YES;
				CLANG_WARN_EMPTY_BODY = YES;
				CLANG_WARN_ENUM_CONVERSION = YES;
				CLANG_WARN_INFINITE_RECURSION = YES;
				CLANG_WARN_INT_CONVERSION = YES;
				CLANG_WARN_OBJC_ROOT_CLASS = YES_ERROR;
				CLANG_WARN_SUSPICIOUS_MOVE = YES;
				CLANG_WARN_UNREACHABLE_CODE = YES;
				CLANG_WARN__DUPLICATE_METHOD_MATCH = YES;
				"CODE_SIGN_IDENTITY[sdk=iphoneos*]" = "iPhone Developer";
				COPY_PHASE_STRIP = NO;
				DEBUG_INFORMATION_FORMAT = dwarf;
				ENABLE_STRICT_OBJC_MSGSEND = YES;
				ENABLE_TESTABILITY = YES;
				GCC_C_LANGUAGE_STANDARD = gnu99;
				GCC_DYNAMIC_NO_PIC = NO;
				GCC_NO_COMMON_BLOCKS = YES;
				GCC_OPTIMIZATION_LEVEL = 0;
				GCC_PREPROCESSOR_DEFINITIONS = (
					"DEBUG=1",
					"$(inherited)",
				);
				GCC_WARN_64_TO_32_BIT_CONVERSION = YES;
				GCC_WARN_ABOUT_RETURN_TYPE = YES_ERROR;
				GCC_WARN_UNDECLARED_SELECTOR = YES;
				GCC_WARN_UNINITIALIZED_AUTOS = YES_AGGRESSIVE;
				GCC_WARN_UNUSED_FUNCTION = YES;
				GCC_WARN_UNUSED_VARIABLE = YES;
				IPHONEOS_DEPLOYMENT_TARGET = 10.2;
				MTL_ENABLE_DEBUG_INFO = YES;
				ONLY_ACTIVE_ARCH = YES;
				SDKROOT = iphoneos;
			};
			name = Debug;
		};
		759A1E8C1E3A52F5009DF698 /* Release */ = {
			isa = XCBuildConfiguration;
			buildSettings = {
				ALWAYS_SEARCH_USER_PATHS = NO;
				CLANG_ANALYZER_NONNULL = YES;
				CLANG_CXX_LANGUAGE_STANDARD = "gnu++0x";
				CLANG_CXX_LIBRARY = "libc++";
				CLANG_ENABLE_MODULES = YES;
				CLANG_ENABLE_OBJC_ARC = YES;
				CLANG_WARN_BOOL_CONVERSION = YES;
				CLANG_WARN_CONSTANT_CONVERSION = YES;
				CLANG_WARN_DIRECT_OBJC_ISA_USAGE = YES_ERROR;
				CLANG_WARN_DOCUMENTATION_COMMENTS = YES;
				CLANG_WARN_EMPTY_BODY = YES;
				CLANG_WARN_ENUM_CONVERSION = YES;
				CLANG_WARN_INFINITE_RECURSION = YES;
				CLANG_WARN_INT_CONVERSION = YES;
				CLANG_WARN_OBJC_ROOT_CLASS = YES_ERROR;
				CLANG_WARN_SUSPICIOUS_MOVE = YES;
				CLANG_WARN_UNREACHABLE_CODE = YES;
				CLANG_WARN__DUPLICATE_METHOD_MATCH = YES;
				"CODE_SIGN_IDENTITY[sdk=iphoneos*]" = "iPhone Developer";
				COPY_PHASE_STRIP = NO;
				DEBUG_INFORMATION_FORMAT = "dwarf-with-dsym";
				ENABLE_NS_ASSERTIONS = NO;
				ENABLE_STRICT_OBJC_MSGSEND = YES;
				GCC_C_LANGUAGE_STANDARD = gnu99;
				GCC_NO_COMMON_BLOCKS = YES;
				GCC_WARN_64_TO_32_BIT_CONVERSION = YES;
				GCC_WARN_ABOUT_RETURN_TYPE = YES_ERROR;
				GCC_WARN_UNDECLARED_SELECTOR = YES;
				GCC_WARN_UNINITIALIZED_AUTOS = YES_AGGRESSIVE;
				GCC_WARN_UNUSED_FUNCTION = YES;
				GCC_WARN_UNUSED_VARIABLE = YES;
				IPHONEOS_DEPLOYMENT_TARGET = 10.2;
				MTL_ENABLE_DEBUG_INFO = NO;
				SDKROOT = iphoneos;
				VALIDATE_PRODUCT = YES;
			};
			name = Release;
		};
		759A1E8E1E3A52F5009DF698 /* Debug */ = {
			isa = XCBuildConfiguration;
			buildSettings = {
				ASSETCATALOG_COMPILER_APPICON_NAME = AppIcon;
				DEVELOPMENT_TEAM = 39XXES98DU;
				INFOPLIST_FILE = EncryptionSample/Info.plist;
				IPHONEOS_DEPLOYMENT_TARGET = 9.3;
				LD_RUNPATH_SEARCH_PATHS = "$(inherited) @executable_path/Frameworks";
				PRODUCT_BUNDLE_IDENTIFIER = com.xyz.EncryptionSample;
				PRODUCT_NAME = "$(TARGET_NAME)";
			};
			name = Debug;
		};
		759A1E8F1E3A52F5009DF698 /* Release */ = {
			isa = XCBuildConfiguration;
			buildSettings = {
				ASSETCATALOG_COMPILER_APPICON_NAME = AppIcon;
				DEVELOPMENT_TEAM = 39XXES98DU;
				INFOPLIST_FILE = EncryptionSample/Info.plist;
				IPHONEOS_DEPLOYMENT_TARGET = 9.3;
				LD_RUNPATH_SEARCH_PATHS = "$(inherited) @executable_path/Frameworks";
				PRODUCT_BUNDLE_IDENTIFIER = com.xyz.EncryptionSample;
				PRODUCT_NAME = "$(TARGET_NAME)";
			};
			name = Release;
		};
		759A1E911E3A52F5009DF698 /* Debug */ = {
			isa = XCBuildConfiguration;
			buildSettings = {
				BUNDLE_LOADER = "$(TEST_HOST)";
				INFOPLIST_FILE = EncryptionSampleTests/Info.plist;
				LD_RUNPATH_SEARCH_PATHS = "$(inherited) @executable_path/Frameworks @loader_path/Frameworks";
				PRODUCT_BUNDLE_IDENTIFIER = com.xyz.EncryptionSampleTests;
				PRODUCT_NAME = "$(TARGET_NAME)";
				TEST_HOST = "$(BUILT_PRODUCTS_DIR)/EncryptionSample.app/EncryptionSample";
			};
			name = Debug;
		};
		759A1E921E3A52F5009DF698 /* Release */ = {
			isa = XCBuildConfiguration;
			buildSettings = {
				BUNDLE_LOADER = "$(TEST_HOST)";
				INFOPLIST_FILE = EncryptionSampleTests/Info.plist;
				LD_RUNPATH_SEARCH_PATHS = "$(inherited) @executable_path/Frameworks @loader_path/Frameworks";
				PRODUCT_BUNDLE_IDENTIFIER = com.xyz.EncryptionSampleTests;
				PRODUCT_NAME = "$(TARGET_NAME)";
				TEST_HOST = "$(BUILT_PRODUCTS_DIR)/EncryptionSample.app/EncryptionSample";
			};
			name = Release;
		};
/* End XCBuildConfiguration section */

/* Begin XCConfigurationList section */
		759A1E661E3A52F5009DF698 /* Build configuration list for PBXProject "EncryptionSample" */ = {
			isa = XCConfigurationList;
			buildConfigurations = (
				759A1E8B1E3A52F5009DF698 /* Debug */,
				759A1E8C1E3A52F5009DF698 /* Release */,
			);
			defaultConfigurationIsVisible = 0;
			defaultConfigurationName = Release;
		};
		759A1E8D1E3A52F5009DF698 /* Build configuration list for PBXNativeTarget "EncryptionSample" */ = {
			isa = XCConfigurationList;
			buildConfigurations = (
				759A1E8E1E3A52F5009DF698 /* Debug */,
				759A1E8F1E3A52F5009DF698 /* Release */,
			);
			defaultConfigurationIsVisible = 0;
			defaultConfigurationName = Release;
		};
		759A1E901E3A52F5009DF698 /* Build configuration list for PBXNativeTarget "EncryptionSampleTests" */ = {
			isa = XCConfigurationList;
			buildConfigurations = (
				759A1E911E3A52F5009DF698 /* Debug */,
				759A1E921E3A52F5009DF698 /* Release */,
			);
			defaultConfigurationIsVisible = 0;
			defaultConfigurationName = Release;
		};
/* End XCConfigurationList section */
	};
	rootObject = 759A1E631E3A52F5009DF698 /* Project object */;
}
